
Microsoft Visual Studio Solution File, Format Version 12.00
# Visual Studio Version 16
VisualStudioVersion = 16.0.30717.126
MinimumVisualStudioVersion = 10.0.40219.1
Project("{FAE04EC0-301F-11D3-BF4B-00C04F79EFBC}") = "Lab2_KPO_Controls", "Lab2_KPO_Controls\Lab2_KPO_Controls.csproj", "{BFD2C94E-641A-47C3-8975-DBAE31BA325C}"
EndProject
Project("{FAE04EC0-301F-11D3-BF4B-00C04F79EFBC}") = "LabControls", "LabControls\LabControls.csproj", "{543BBAC8-B5EF-43E9-898D-0ECCC8FDDF00}"
EndProject
Global
	GlobalSection(SolutionConfigurationPlatforms) = preSolution
		Debug|Any CPU = Debug|Any CPU
		Release|Any CPU = Release|Any CPU
	EndGlobalSection
	GlobalSection(ProjectConfigurationPlatforms) = postSolution
		{BFD2C94E-641A-47C3-8975-DBAE31BA325C}.Debug|Any CPU.ActiveCfg = Debug|Any CPU
		{BFD2C94E-641A-47C3-8975-DBAE31BA325C}.Debug|Any CPU.Build.0 = Debug|Any CPU
		{BFD2C94E-641A-47C3-8975-DBAE31BA325C}.Release|Any CPU.ActiveCfg = Release|Any CPU
		{BFD2C94E-641A-47C3-8975-DBAE31BA325C}.Release|Any CPU.Build.0 = Release|Any CPU
		{543BBAC8-B5EF-43E9-898D-0ECCC8FDDF00}.Debug|Any CPU.ActiveCfg = Debug|Any CPU
		{543BBAC8-B5EF-43E9-898D-0ECCC8FDDF00}.Debug|Any CPU.Build.0 = Debug|Any CPU
		{543BBAC8-B5EF-43E9-898D-0ECCC8FDDF00}.Release|Any CPU.ActiveCfg = Release|Any CPU
		{543BBAC8-B5EF-43E9-898D-0ECCC8FDDF00}.Release|Any CPU.Build.0 = Release|Any CPU
	EndGlobalSection
	GlobalSection(SolutionProperties) = preSolution
		HideSolutionNode = FALSE
	EndGlobalSection
	GlobalSection(ExtensibilityGlobals) = postSolution
		SolutionGuid = {1B277AC6-EF7C-4C2C-B362-F283B3041689}
	EndGlobalSection
EndGlobal
